
Microsoft Visual Studio Solution File, Format Version 12.00
# Visual Studio Version 17
VisualStudioVersion = 17.5.33516.290
MinimumVisualStudioVersion = 10.0.40219.1
Project("{FAE04EC0-301F-11D3-BF4B-00C04F79EFBC}") = "WpfListy3P", "WpfListy3P\WpfListy3P.csproj", "{8403CCDF-A329-4395-9F7F-4EEB52A8B7EC}"
EndProject
Global
	GlobalSection(SolutionConfigurationPlatforms) = preSolution
		Debug|Any CPU = Debug|Any CPU
		Release|Any CPU = Release|Any CPU
	EndGlobalSection
	GlobalSection(ProjectConfigurationPlatforms) = postSolution
		{8403CCDF-A329-4395-9F7F-4EEB52A8B7EC}.Debug|Any CPU.ActiveCfg = Debug|Any CPU
		{8403CCDF-A329-4395-9F7F-4EEB52A8B7EC}.Debug|Any CPU.Build.0 = Debug|Any CPU
		{8403CCDF-A329-4395-9F7F-4EEB52A8B7EC}.Release|Any CPU.ActiveCfg = Release|Any CPU
		{8403CCDF-A329-4395-9F7F-4EEB52A8B7EC}.Release|Any CPU.Build.0 = Release|Any CPU
	EndGlobalSection
	GlobalSection(SolutionProperties) = preSolution
		HideSolutionNode = FALSE
	EndGlobalSection
	GlobalSection(ExtensibilityGlobals) = postSolution
		SolutionGuid = {3B910F56-D64F-4858-A269-DE5657192D7C}
	EndGlobalSection
EndGlobal
